// !$*UTF8*$!
{
	archiveVersion = 1;
	classes = {
	};
	objectVersion = 46;
	objects = {

/* Begin PBXBuildFile section */
		0B30D883B0E8AC2615AD1412 /* libPods-CheckersTests.a in Frameworks */ = {isa = PBXBuildFile; fileRef = 35F0A1BC67157B0A29F86F09 /* libPods-CheckersTests.a */; };
		852E95431E25A31B00662EEE /* GVRBoardView.m in Sources */ = {isa = PBXBuildFile; fileRef = 852E95421E25A31B00662EEE /* GVRBoardView.m */; };
		852E95441E25A31B00662EEE /* GVRBoardView.m in Sources */ = {isa = PBXBuildFile; fileRef = 852E95421E25A31B00662EEE /* GVRBoardView.m */; };
		853D3C421E2B9DA1001FA2F6 /* GVRCellView.m in Sources */ = {isa = PBXBuildFile; fileRef = 853D3C411E2B9DA1001FA2F6 /* GVRCellView.m */; };
		853D3C431E2B9DA1001FA2F6 /* GVRCellView.m in Sources */ = {isa = PBXBuildFile; fileRef = 853D3C411E2B9DA1001FA2F6 /* GVRCellView.m */; };
		853D3C471E2C1078001FA2F6 /* GVRCheckerView.m in Sources */ = {isa = PBXBuildFile; fileRef = 853D3C461E2C1078001FA2F6 /* GVRCheckerView.m */; };
		853D3C481E2C1078001FA2F6 /* GVRCheckerView.m in Sources */ = {isa = PBXBuildFile; fileRef = 853D3C461E2C1078001FA2F6 /* GVRCheckerView.m */; };
		855010D11E28553500F4A4C8 /* UIWindow+GVRExtensions.m in Sources */ = {isa = PBXBuildFile; fileRef = 855010D01E28553500F4A4C8 /* UIWindow+GVRExtensions.m */; };
		855010D21E28553500F4A4C8 /* UIWindow+GVRExtensions.m in Sources */ = {isa = PBXBuildFile; fileRef = 855010D01E28553500F4A4C8 /* UIWindow+GVRExtensions.m */; };
		855F96491E1BA49200FC6F1F /* GVRTrajectory.m in Sources */ = {isa = PBXBuildFile; fileRef = 855F96481E1BA49200FC6F1F /* GVRTrajectory.m */; };
		855F964A1E1BA49200FC6F1F /* GVRTrajectory.m in Sources */ = {isa = PBXBuildFile; fileRef = 855F96481E1BA49200FC6F1F /* GVRTrajectory.m */; };
		855F964E1E1BAB2C00FC6F1F /* GVRManTrajectory.m in Sources */ = {isa = PBXBuildFile; fileRef = 855F964D1E1BAB2C00FC6F1F /* GVRManTrajectory.m */; };
		855F964F1E1BAB2C00FC6F1F /* GVRManTrajectory.m in Sources */ = {isa = PBXBuildFile; fileRef = 855F964D1E1BAB2C00FC6F1F /* GVRManTrajectory.m */; };
		855F96521E1BAB3F00FC6F1F /* GVRKingTrajectory.m in Sources */ = {isa = PBXBuildFile; fileRef = 855F96511E1BAB3F00FC6F1F /* GVRKingTrajectory.m */; };
		855F96531E1BAB3F00FC6F1F /* GVRKingTrajectory.m in Sources */ = {isa = PBXBuildFile; fileRef = 855F96511E1BAB3F00FC6F1F /* GVRKingTrajectory.m */; };
		85611E281E1F2A780029EB41 /* GVRManTrajectorySpec.m in Sources */ = {isa = PBXBuildFile; fileRef = 85611E271E1F2A780029EB41 /* GVRManTrajectorySpec.m */; };
		85611E2A1E1F2B030029EB41 /* GVRKingTrajectorySpec.m in Sources */ = {isa = PBXBuildFile; fileRef = 85611E291E1F2B030029EB41 /* GVRKingTrajectorySpec.m */; };
		8567AC7B1E1A60700036A95F /* GVRGameSpec.m in Sources */ = {isa = PBXBuildFile; fileRef = 8567AC7A1E1A60700036A95F /* GVRGameSpec.m */; };
		858F5B9C1E17CCE100DB6D13 /* main.m in Sources */ = {isa = PBXBuildFile; fileRef = 858F5B9B1E17CCE100DB6D13 /* main.m */; };
		858F5B9F1E17CCE100DB6D13 /* AppDelegate.m in Sources */ = {isa = PBXBuildFile; fileRef = 858F5B9E1E17CCE100DB6D13 /* AppDelegate.m */; };
		858F5BA21E17CCE100DB6D13 /* ViewController.m in Sources */ = {isa = PBXBuildFile; fileRef = 858F5BA11E17CCE100DB6D13 /* ViewController.m */; };
		858F5BBB1E17CEA600DB6D13 /* Assets.xcassets in Resources */ = {isa = PBXBuildFile; fileRef = 858F5BB21E17CEA600DB6D13 /* Assets.xcassets */; };
		858F5BBC1E17CEA600DB6D13 /* LaunchScreen.storyboard in Resources */ = {isa = PBXBuildFile; fileRef = 858F5BB31E17CEA600DB6D13 /* LaunchScreen.storyboard */; };
		858F5BBD1E17CEA600DB6D13 /* Main.storyboard in Resources */ = {isa = PBXBuildFile; fileRef = 858F5BB51E17CEA600DB6D13 /* Main.storyboard */; };
		859CD1451E195AF9004BE15C /* GVRBoard.m in Sources */ = {isa = PBXBuildFile; fileRef = 859CD13B1E195AF9004BE15C /* GVRBoard.m */; };
		859CD1461E195AF9004BE15C /* GVRBoard.m in Sources */ = {isa = PBXBuildFile; fileRef = 859CD13B1E195AF9004BE15C /* GVRBoard.m */; };
		859CD1471E195AF9004BE15C /* GVRBoardPosition.m in Sources */ = {isa = PBXBuildFile; fileRef = 859CD13E1E195AF9004BE15C /* GVRBoardPosition.m */; };
		859CD1481E195AF9004BE15C /* GVRBoardPosition.m in Sources */ = {isa = PBXBuildFile; fileRef = 859CD13E1E195AF9004BE15C /* GVRBoardPosition.m */; };
		859CD1491E195AF9004BE15C /* GVRChecker.m in Sources */ = {isa = PBXBuildFile; fileRef = 859CD1411E195AF9004BE15C /* GVRChecker.m */; };
		859CD14A1E195AF9004BE15C /* GVRChecker.m in Sources */ = {isa = PBXBuildFile; fileRef = 859CD1411E195AF9004BE15C /* GVRChecker.m */; };
		859CD14B1E195AF9004BE15C /* GVRGame.m in Sources */ = {isa = PBXBuildFile; fileRef = 859CD1441E195AF9004BE15C /* GVRGame.m */; };
		859CD14C1E195AF9004BE15C /* GVRGame.m in Sources */ = {isa = PBXBuildFile; fileRef = 859CD1441E195AF9004BE15C /* GVRGame.m */; };
		859CD14E1E195C17004BE15C /* GVRBoardSpec.m in Sources */ = {isa = PBXBuildFile; fileRef = 859CD14D1E195C17004BE15C /* GVRBoardSpec.m */; };
		85B05A411E27046D006429FE /* GVRGameViewController.m in Sources */ = {isa = PBXBuildFile; fileRef = 85B05A401E27046D006429FE /* GVRGameViewController.m */; };
		85B05A421E27046D006429FE /* GVRGameViewController.m in Sources */ = {isa = PBXBuildFile; fileRef = 85B05A401E27046D006429FE /* GVRGameViewController.m */; };
		85B05A441E270487006429FE /* GVRGameViewController.xib in Resources */ = {isa = PBXBuildFile; fileRef = 85B05A431E270487006429FE /* GVRGameViewController.xib */; };
		85B05A451E270487006429FE /* GVRGameViewController.xib in Resources */ = {isa = PBXBuildFile; fileRef = 85B05A431E270487006429FE /* GVRGameViewController.xib */; };
		85B05A491E2704EB006429FE /* UIViewController+GVRExtensions.m in Sources */ = {isa = PBXBuildFile; fileRef = 85B05A481E2704EB006429FE /* UIViewController+GVRExtensions.m */; };
		85B05A4A1E2704EB006429FE /* UIViewController+GVRExtensions.m in Sources */ = {isa = PBXBuildFile; fileRef = 85B05A481E2704EB006429FE /* UIViewController+GVRExtensions.m */; };
		85B05A4D1E2706E2006429FE /* GVRGameView.m in Sources */ = {isa = PBXBuildFile; fileRef = 85B05A4C1E2706E2006429FE /* GVRGameView.m */; };
		85B05A4E1E2706E2006429FE /* GVRGameView.m in Sources */ = {isa = PBXBuildFile; fileRef = 85B05A4C1E2706E2006429FE /* GVRGameView.m */; };
		85D399DD1E2D7389008EF25C /* NSMutableArray+GVRTrajectory.m in Sources */ = {isa = PBXBuildFile; fileRef = 85D399DC1E2D7389008EF25C /* NSMutableArray+GVRTrajectory.m */; };
		85D399DE1E2D7389008EF25C /* NSMutableArray+GVRTrajectory.m in Sources */ = {isa = PBXBuildFile; fileRef = 85D399DC1E2D7389008EF25C /* NSMutableArray+GVRTrajectory.m */; };
		85F48FA51E1B2307004FD8D1 /* NSArray+GVRExtensions.m in Sources */ = {isa = PBXBuildFile; fileRef = 85F48FA21E1B2307004FD8D1 /* NSArray+GVRExtensions.m */; };
		85F48FA61E1B2307004FD8D1 /* NSArray+GVRExtensions.m in Sources */ = {isa = PBXBuildFile; fileRef = 85F48FA21E1B2307004FD8D1 /* NSArray+GVRExtensions.m */; };
		85F6A8AD1E22574100FE07A1 /* NSError+GVRTrajectory.m in Sources */ = {isa = PBXBuildFile; fileRef = 85F6A8AC1E22574100FE07A1 /* NSError+GVRTrajectory.m */; };
		85F6A8AE1E22574100FE07A1 /* NSError+GVRTrajectory.m in Sources */ = {isa = PBXBuildFile; fileRef = 85F6A8AC1E22574100FE07A1 /* NSError+GVRTrajectory.m */; };
		85F6A8B11E22B35300FE07A1 /* NSArray+GVRTrajectory.m in Sources */ = {isa = PBXBuildFile; fileRef = 85F6A8B01E22B35300FE07A1 /* NSArray+GVRTrajectory.m */; };
		85F6A8B21E22B35300FE07A1 /* NSArray+GVRTrajectory.m in Sources */ = {isa = PBXBuildFile; fileRef = 85F6A8B01E22B35300FE07A1 /* NSArray+GVRTrajectory.m */; };
		85F6A8B61E23109C00FE07A1 /* NSValue+GVRExtensions.m in Sources */ = {isa = PBXBuildFile; fileRef = 85F6A8B51E23109C00FE07A1 /* NSValue+GVRExtensions.m */; };
		85F6A8B71E23109C00FE07A1 /* NSValue+GVRExtensions.m in Sources */ = {isa = PBXBuildFile; fileRef = 85F6A8B51E23109C00FE07A1 /* NSValue+GVRExtensions.m */; };
		85F916211E1E493400F78545 /* NSError+GVRExtensions.m in Sources */ = {isa = PBXBuildFile; fileRef = 85F916201E1E493400F78545 /* NSError+GVRExtensions.m */; };
		85F916221E1E493400F78545 /* NSError+GVRExtensions.m in Sources */ = {isa = PBXBuildFile; fileRef = 85F916201E1E493400F78545 /* NSError+GVRExtensions.m */; };
		C9D0929CCAA2161E4297CCB8 /* libPods-Checkers.a in Frameworks */ = {isa = PBXBuildFile; fileRef = 4A09053FF374A36068D554CD /* libPods-Checkers.a */; };
/* End PBXBuildFile section */

/* Begin PBXContainerItemProxy section */
		859CD1331E195967004BE15C /* PBXContainerItemProxy */ = {
			isa = PBXContainerItemProxy;
			containerPortal = 858F5B8F1E17CCE000DB6D13 /* Project object */;
			proxyType = 1;
			remoteGlobalIDString = 858F5B961E17CCE000DB6D13;
			remoteInfo = Checkers;
		};
/* End PBXContainerItemProxy section */

/* Begin PBXFileReference section */
		085130B305A50ED5598EFA6C /* Pods-CheckersTests.release.xcconfig */ = {isa = PBXFileReference; includeInIndex = 1; lastKnownFileType = text.xcconfig; name = "Pods-CheckersTests.release.xcconfig"; path = "Pods/Target Support Files/Pods-CheckersTests/Pods-CheckersTests.release.xcconfig"; sourceTree = "<group>"; };
		2F14723392F3B5A9D28B8168 /* Pods-Checkers.debug.xcconfig */ = {isa = PBXFileReference; includeInIndex = 1; lastKnownFileType = text.xcconfig; name = "Pods-Checkers.debug.xcconfig"; path = "Pods/Target Support Files/Pods-Checkers/Pods-Checkers.debug.xcconfig"; sourceTree = "<group>"; };
		35F0A1BC67157B0A29F86F09 /* libPods-CheckersTests.a */ = {isa = PBXFileReference; explicitFileType = archive.ar; includeInIndex = 0; path = "libPods-CheckersTests.a"; sourceTree = BUILT_PRODUCTS_DIR; };
		4A09053FF374A36068D554CD /* libPods-Checkers.a */ = {isa = PBXFileReference; explicitFileType = archive.ar; includeInIndex = 0; path = "libPods-Checkers.a"; sourceTree = BUILT_PRODUCTS_DIR; };
		55E2266F6134EA6CB511DB17 /* Pods-Checkers.release.xcconfig */ = {isa = PBXFileReference; includeInIndex = 1; lastKnownFileType = text.xcconfig; name = "Pods-Checkers.release.xcconfig"; path = "Pods/Target Support Files/Pods-Checkers/Pods-Checkers.release.xcconfig"; sourceTree = "<group>"; };
		852E95411E25A31B00662EEE /* GVRBoardView.h */ = {isa = PBXFileReference; fileEncoding = 4; lastKnownFileType = sourcecode.c.h; path = GVRBoardView.h; sourceTree = "<group>"; };
		852E95421E25A31B00662EEE /* GVRBoardView.m */ = {isa = PBXFileReference; fileEncoding = 4; lastKnownFileType = sourcecode.c.objc; path = GVRBoardView.m; sourceTree = "<group>"; };
		853D3C401E2B9DA1001FA2F6 /* GVRCellView.h */ = {isa = PBXFileReference; fileEncoding = 4; lastKnownFileType = sourcecode.c.h; path = GVRCellView.h; sourceTree = "<group>"; };
		853D3C411E2B9DA1001FA2F6 /* GVRCellView.m */ = {isa = PBXFileReference; fileEncoding = 4; lastKnownFileType = sourcecode.c.objc; path = GVRCellView.m; sourceTree = "<group>"; };
		853D3C451E2C1078001FA2F6 /* GVRCheckerView.h */ = {isa = PBXFileReference; fileEncoding = 4; lastKnownFileType = sourcecode.c.h; path = GVRCheckerView.h; sourceTree = "<group>"; };
		853D3C461E2C1078001FA2F6 /* GVRCheckerView.m */ = {isa = PBXFileReference; fileEncoding = 4; lastKnownFileType = sourcecode.c.objc; path = GVRCheckerView.m; sourceTree = "<group>"; };
		855010CF1E28553500F4A4C8 /* UIWindow+GVRExtensions.h */ = {isa = PBXFileReference; fileEncoding = 4; lastKnownFileType = sourcecode.c.h; path = "UIWindow+GVRExtensions.h"; sourceTree = "<group>"; };
		855010D01E28553500F4A4C8 /* UIWindow+GVRExtensions.m */ = {isa = PBXFileReference; fileEncoding = 4; lastKnownFileType = sourcecode.c.objc; path = "UIWindow+GVRExtensions.m"; sourceTree = "<group>"; };
		855F96471E1BA49200FC6F1F /* GVRTrajectory.h */ = {isa = PBXFileReference; fileEncoding = 4; lastKnownFileType = sourcecode.c.h; path = GVRTrajectory.h; sourceTree = "<group>"; };
		855F96481E1BA49200FC6F1F /* GVRTrajectory.m */ = {isa = PBXFileReference; fileEncoding = 4; lastKnownFileType = sourcecode.c.objc; path = GVRTrajectory.m; sourceTree = "<group>"; };
		855F964C1E1BAB2C00FC6F1F /* GVRManTrajectory.h */ = {isa = PBXFileReference; fileEncoding = 4; lastKnownFileType = sourcecode.c.h; path = GVRManTrajectory.h; sourceTree = "<group>"; };
		855F964D1E1BAB2C00FC6F1F /* GVRManTrajectory.m */ = {isa = PBXFileReference; fileEncoding = 4; lastKnownFileType = sourcecode.c.objc; path = GVRManTrajectory.m; sourceTree = "<group>"; };
		855F96501E1BAB3F00FC6F1F /* GVRKingTrajectory.h */ = {isa = PBXFileReference; fileEncoding = 4; lastKnownFileType = sourcecode.c.h; path = GVRKingTrajectory.h; sourceTree = "<group>"; };
		855F96511E1BAB3F00FC6F1F /* GVRKingTrajectory.m */ = {isa = PBXFileReference; fileEncoding = 4; lastKnownFileType = sourcecode.c.objc; path = GVRKingTrajectory.m; sourceTree = "<group>"; };
		85611E271E1F2A780029EB41 /* GVRManTrajectorySpec.m */ = {isa = PBXFileReference; fileEncoding = 4; lastKnownFileType = sourcecode.c.objc; path = GVRManTrajectorySpec.m; sourceTree = "<group>"; };
		85611E291E1F2B030029EB41 /* GVRKingTrajectorySpec.m */ = {isa = PBXFileReference; fileEncoding = 4; lastKnownFileType = sourcecode.c.objc; path = GVRKingTrajectorySpec.m; sourceTree = "<group>"; };
		8567AC7A1E1A60700036A95F /* GVRGameSpec.m */ = {isa = PBXFileReference; fileEncoding = 4; lastKnownFileType = sourcecode.c.objc; path = GVRGameSpec.m; sourceTree = "<group>"; };
		8567AC7E1E1A61AD0036A95F /* GVRBlockMacros.h */ = {isa = PBXFileReference; fileEncoding = 4; lastKnownFileType = sourcecode.c.h; path = GVRBlockMacros.h; sourceTree = "<group>"; };
		8567AC831E1A62060036A95F /* GVRMacros.h */ = {isa = PBXFileReference; fileEncoding = 4; lastKnownFileType = sourcecode.c.h; path = GVRMacros.h; sourceTree = "<group>"; };
		8567AC881E1A624F0036A95F /* GVRCompilerMacros.h */ = {isa = PBXFileReference; fileEncoding = 4; lastKnownFileType = sourcecode.c.h; path = GVRCompilerMacros.h; sourceTree = "<group>"; };
		858F5B971E17CCE100DB6D13 /* Checkers.app */ = {isa = PBXFileReference; explicitFileType = wrapper.application; includeInIndex = 0; path = Checkers.app; sourceTree = BUILT_PRODUCTS_DIR; };
		858F5B9B1E17CCE100DB6D13 /* main.m */ = {isa = PBXFileReference; lastKnownFileType = sourcecode.c.objc; path = main.m; sourceTree = "<group>"; };
		858F5B9D1E17CCE100DB6D13 /* AppDelegate.h */ = {isa = PBXFileReference; lastKnownFileType = sourcecode.c.h; path = AppDelegate.h; sourceTree = "<group>"; };
		858F5B9E1E17CCE100DB6D13 /* AppDelegate.m */ = {isa = PBXFileReference; lastKnownFileType = sourcecode.c.objc; path = AppDelegate.m; sourceTree = "<group>"; };
		858F5BA01E17CCE100DB6D13 /* ViewController.h */ = {isa = PBXFileReference; lastKnownFileType = sourcecode.c.h; path = ViewController.h; sourceTree = "<group>"; };
		858F5BA11E17CCE100DB6D13 /* ViewController.m */ = {isa = PBXFileReference; lastKnownFileType = sourcecode.c.objc; path = ViewController.m; sourceTree = "<group>"; };
		858F5BAB1E17CCE100DB6D13 /* Info.plist */ = {isa = PBXFileReference; lastKnownFileType = text.plist.xml; path = Info.plist; sourceTree = "<group>"; };
		858F5BB21E17CEA600DB6D13 /* Assets.xcassets */ = {isa = PBXFileReference; lastKnownFileType = folder.assetcatalog; path = Assets.xcassets; sourceTree = "<group>"; };
		858F5BB41E17CEA600DB6D13 /* Base */ = {isa = PBXFileReference; lastKnownFileType = file.storyboard; name = Base; path = Base.lproj/LaunchScreen.storyboard; sourceTree = "<group>"; };
		858F5BB61E17CEA600DB6D13 /* Base */ = {isa = PBXFileReference; lastKnownFileType = file.storyboard; name = Base; path = Base.lproj/Main.storyboard; sourceTree = "<group>"; };
		859CD12E1E195967004BE15C /* CheckersTests.xctest */ = {isa = PBXFileReference; explicitFileType = wrapper.cfbundle; includeInIndex = 0; path = CheckersTests.xctest; sourceTree = BUILT_PRODUCTS_DIR; };
		859CD1321E195967004BE15C /* Info.plist */ = {isa = PBXFileReference; lastKnownFileType = text.plist.xml; path = Info.plist; sourceTree = "<group>"; };
		859CD13A1E195AF9004BE15C /* GVRBoard.h */ = {isa = PBXFileReference; fileEncoding = 4; lastKnownFileType = sourcecode.c.h; path = GVRBoard.h; sourceTree = "<group>"; };
		859CD13B1E195AF9004BE15C /* GVRBoard.m */ = {isa = PBXFileReference; fileEncoding = 4; lastKnownFileType = sourcecode.c.objc; path = GVRBoard.m; sourceTree = "<group>"; };
		859CD13D1E195AF9004BE15C /* GVRBoardPosition.h */ = {isa = PBXFileReference; fileEncoding = 4; lastKnownFileType = sourcecode.c.h; path = GVRBoardPosition.h; sourceTree = "<group>"; };
		859CD13E1E195AF9004BE15C /* GVRBoardPosition.m */ = {isa = PBXFileReference; fileEncoding = 4; lastKnownFileType = sourcecode.c.objc; path = GVRBoardPosition.m; sourceTree = "<group>"; };
		859CD1401E195AF9004BE15C /* GVRChecker.h */ = {isa = PBXFileReference; fileEncoding = 4; lastKnownFileType = sourcecode.c.h; path = GVRChecker.h; sourceTree = "<group>"; };
		859CD1411E195AF9004BE15C /* GVRChecker.m */ = {isa = PBXFileReference; fileEncoding = 4; lastKnownFileType = sourcecode.c.objc; path = GVRChecker.m; sourceTree = "<group>"; };
		859CD1431E195AF9004BE15C /* GVRGame.h */ = {isa = PBXFileReference; fileEncoding = 4; lastKnownFileType = sourcecode.c.h; path = GVRGame.h; sourceTree = "<group>"; };
		859CD1441E195AF9004BE15C /* GVRGame.m */ = {isa = PBXFileReference; fileEncoding = 4; lastKnownFileType = sourcecode.c.objc; path = GVRGame.m; sourceTree = "<group>"; };
		859CD14D1E195C17004BE15C /* GVRBoardSpec.m */ = {isa = PBXFileReference; fileEncoding = 4; lastKnownFileType = sourcecode.c.objc; path = GVRBoardSpec.m; sourceTree = "<group>"; };
		85B05A3F1E27046D006429FE /* GVRGameViewController.h */ = {isa = PBXFileReference; fileEncoding = 4; lastKnownFileType = sourcecode.c.h; path = GVRGameViewController.h; sourceTree = "<group>"; };
		85B05A401E27046D006429FE /* GVRGameViewController.m */ = {isa = PBXFileReference; fileEncoding = 4; lastKnownFileType = sourcecode.c.objc; path = GVRGameViewController.m; sourceTree = "<group>"; };
		85B05A431E270487006429FE /* GVRGameViewController.xib */ = {isa = PBXFileReference; fileEncoding = 4; lastKnownFileType = file.xib; path = GVRGameViewController.xib; sourceTree = "<group>"; };
		85B05A471E2704EB006429FE /* UIViewController+GVRExtensions.h */ = {isa = PBXFileReference; fileEncoding = 4; lastKnownFileType = sourcecode.c.h; path = "UIViewController+GVRExtensions.h"; sourceTree = "<group>"; };
		85B05A481E2704EB006429FE /* UIViewController+GVRExtensions.m */ = {isa = PBXFileReference; fileEncoding = 4; lastKnownFileType = sourcecode.c.objc; path = "UIViewController+GVRExtensions.m"; sourceTree = "<group>"; };
		85B05A4B1E2706E2006429FE /* GVRGameView.h */ = {isa = PBXFileReference; fileEncoding = 4; lastKnownFileType = sourcecode.c.h; path = GVRGameView.h; sourceTree = "<group>"; };
		85B05A4C1E2706E2006429FE /* GVRGameView.m */ = {isa = PBXFileReference; fileEncoding = 4; lastKnownFileType = sourcecode.c.objc; path = GVRGameView.m; sourceTree = "<group>"; };
		85D399DB1E2D7389008EF25C /* NSMutableArray+GVRTrajectory.h */ = {isa = PBXFileReference; fileEncoding = 4; lastKnownFileType = sourcecode.c.h; path = "NSMutableArray+GVRTrajectory.h"; sourceTree = "<group>"; };
		85D399DC1E2D7389008EF25C /* NSMutableArray+GVRTrajectory.m */ = {isa = PBXFileReference; fileEncoding = 4; lastKnownFileType = sourcecode.c.objc; path = "NSMutableArray+GVRTrajectory.m"; sourceTree = "<group>"; };
		85F48FA11E1B2307004FD8D1 /* NSArray+GVRExtensions.h */ = {isa = PBXFileReference; fileEncoding = 4; lastKnownFileType = sourcecode.c.h; path = "NSArray+GVRExtensions.h"; sourceTree = "<group>"; };
		85F48FA21E1B2307004FD8D1 /* NSArray+GVRExtensions.m */ = {isa = PBXFileReference; fileEncoding = 4; lastKnownFileType = sourcecode.c.objc; path = "NSArray+GVRExtensions.m"; sourceTree = "<group>"; };
		85F6A8AB1E22574100FE07A1 /* NSError+GVRTrajectory.h */ = {isa = PBXFileReference; fileEncoding = 4; lastKnownFileType = sourcecode.c.h; path = "NSError+GVRTrajectory.h"; sourceTree = "<group>"; };
		85F6A8AC1E22574100FE07A1 /* NSError+GVRTrajectory.m */ = {isa = PBXFileReference; fileEncoding = 4; lastKnownFileType = sourcecode.c.objc; path = "NSError+GVRTrajectory.m"; sourceTree = "<group>"; };
		85F6A8AF1E22B35300FE07A1 /* NSArray+GVRTrajectory.h */ = {isa = PBXFileReference; fileEncoding = 4; lastKnownFileType = sourcecode.c.h; path = "NSArray+GVRTrajectory.h"; sourceTree = "<group>"; };
		85F6A8B01E22B35300FE07A1 /* NSArray+GVRTrajectory.m */ = {isa = PBXFileReference; fileEncoding = 4; lastKnownFileType = sourcecode.c.objc; path = "NSArray+GVRTrajectory.m"; sourceTree = "<group>"; };
		85F6A8B41E23109C00FE07A1 /* NSValue+GVRExtensions.h */ = {isa = PBXFileReference; fileEncoding = 4; lastKnownFileType = sourcecode.c.h; path = "NSValue+GVRExtensions.h"; sourceTree = "<group>"; };
		85F6A8B51E23109C00FE07A1 /* NSValue+GVRExtensions.m */ = {isa = PBXFileReference; fileEncoding = 4; lastKnownFileType = sourcecode.c.objc; path = "NSValue+GVRExtensions.m"; sourceTree = "<group>"; };
		85F9161F1E1E493400F78545 /* NSError+GVRExtensions.h */ = {isa = PBXFileReference; fileEncoding = 4; lastKnownFileType = sourcecode.c.h; path = "NSError+GVRExtensions.h"; sourceTree = "<group>"; };
		85F916201E1E493400F78545 /* NSError+GVRExtensions.m */ = {isa = PBXFileReference; fileEncoding = 4; lastKnownFileType = sourcecode.c.objc; path = "NSError+GVRExtensions.m"; sourceTree = "<group>"; };
		BADAC0206DD4740F4AA0FC2D /* Pods-CheckersTests.debug.xcconfig */ = {isa = PBXFileReference; includeInIndex = 1; lastKnownFileType = text.xcconfig; name = "Pods-CheckersTests.debug.xcconfig"; path = "Pods/Target Support Files/Pods-CheckersTests/Pods-CheckersTests.debug.xcconfig"; sourceTree = "<group>"; };
/* End PBXFileReference section */

/* Begin PBXFrameworksBuildPhase section */
		858F5B941E17CCE000DB6D13 /* Frameworks */ = {
			isa = PBXFrameworksBuildPhase;
			buildActionMask = 2147483647;
			files = (
				C9D0929CCAA2161E4297CCB8 /* libPods-Checkers.a in Frameworks */,
			);
			runOnlyForDeploymentPostprocessing = 0;
		};
		859CD12B1E195967004BE15C /* Frameworks */ = {
			isa = PBXFrameworksBuildPhase;
			buildActionMask = 2147483647;
			files = (
				0B30D883B0E8AC2615AD1412 /* libPods-CheckersTests.a in Frameworks */,
			);
			runOnlyForDeploymentPostprocessing = 0;
		};
/* End PBXFrameworksBuildPhase section */

/* Begin PBXGroup section */
		0715F77AA0B0DEF973EB925B /* Pods */ = {
			isa = PBXGroup;
			children = (
				2F14723392F3B5A9D28B8168 /* Pods-Checkers.debug.xcconfig */,
				55E2266F6134EA6CB511DB17 /* Pods-Checkers.release.xcconfig */,
				BADAC0206DD4740F4AA0FC2D /* Pods-CheckersTests.debug.xcconfig */,
				085130B305A50ED5598EFA6C /* Pods-CheckersTests.release.xcconfig */,
			);
			name = Pods;
			sourceTree = "<group>";
		};
		678F662CC1DAB0A41C334AD9 /* Frameworks */ = {
			isa = PBXGroup;
			children = (
				4A09053FF374A36068D554CD /* libPods-Checkers.a */,
				35F0A1BC67157B0A29F86F09 /* libPods-CheckersTests.a */,
			);
			name = Frameworks;
			sourceTree = "<group>";
		};
		852E953F1E25A2F400662EEE /* Views */ = {
			isa = PBXGroup;
			children = (
				85B05A3D1E2703CD006429FE /* GVRGameView */,
				852E95401E25A30600662EEE /* GVRBoardView */,
				853D3C441E2C1062001FA2F6 /* GVRCheckerView */,
				853D3C3F1E2B9D94001FA2F6 /* GVRCellView */,
			);
			path = Views;
			sourceTree = "<group>";
		};
		852E95401E25A30600662EEE /* GVRBoardView */ = {
			isa = PBXGroup;
			children = (
				852E95411E25A31B00662EEE /* GVRBoardView.h */,
				852E95421E25A31B00662EEE /* GVRBoardView.m */,
			);
			path = GVRBoardView;
			sourceTree = "<group>";
		};
		853D3C3F1E2B9D94001FA2F6 /* GVRCellView */ = {
			isa = PBXGroup;
			children = (
				853D3C401E2B9DA1001FA2F6 /* GVRCellView.h */,
				853D3C411E2B9DA1001FA2F6 /* GVRCellView.m */,
			);
			path = GVRCellView;
			sourceTree = "<group>";
		};
		853D3C441E2C1062001FA2F6 /* GVRCheckerView */ = {
			isa = PBXGroup;
			children = (
				853D3C451E2C1078001FA2F6 /* GVRCheckerView.h */,
				853D3C461E2C1078001FA2F6 /* GVRCheckerView.m */,
			);
			path = GVRCheckerView;
			sourceTree = "<group>";
		};
		855010CE1E28553500F4A4C8 /* UIWindow */ = {
			isa = PBXGroup;
			children = (
				855010CF1E28553500F4A4C8 /* UIWindow+GVRExtensions.h */,
				855010D01E28553500F4A4C8 /* UIWindow+GVRExtensions.m */,
			);
			path = UIWindow;
			sourceTree = "<group>";
		};
		855F96461E1BA46000FC6F1F /* GVRTrajectory */ = {
			isa = PBXGroup;
			children = (
				855F964B1E1BA7F400FC6F1F /* Private */,
				855F96471E1BA49200FC6F1F /* GVRTrajectory.h */,
				855F96481E1BA49200FC6F1F /* GVRTrajectory.m */,
			);
			path = GVRTrajectory;
			sourceTree = "<group>";
		};
		855F964B1E1BA7F400FC6F1F /* Private */ = {
			isa = PBXGroup;
			children = (
				855F964C1E1BAB2C00FC6F1F /* GVRManTrajectory.h */,
				855F964D1E1BAB2C00FC6F1F /* GVRManTrajectory.m */,
				855F96501E1BAB3F00FC6F1F /* GVRKingTrajectory.h */,
				855F96511E1BAB3F00FC6F1F /* GVRKingTrajectory.m */,
				85F6A8AB1E22574100FE07A1 /* NSError+GVRTrajectory.h */,
				85F6A8AC1E22574100FE07A1 /* NSError+GVRTrajectory.m */,
				85F6A8AF1E22B35300FE07A1 /* NSArray+GVRTrajectory.h */,
				85F6A8B01E22B35300FE07A1 /* NSArray+GVRTrajectory.m */,
				85D399DB1E2D7389008EF25C /* NSMutableArray+GVRTrajectory.h */,
				85D399DC1E2D7389008EF25C /* NSMutableArray+GVRTrajectory.m */,
			);
			path = Private;
			sourceTree = "<group>";
		};
		8567AC7C1E1A61AD0036A95F /* Utilites */ = {
			isa = PBXGroup;
			children = (
				8567AC871E1A624F0036A95F /* GVRCompilerMacros */,
				8567AC821E1A62060036A95F /* GVRMacros */,
				8567AC7D1E1A61AD0036A95F /* GVRBlockMacros */,
			);
			path = Utilites;
			sourceTree = "<group>";
		};
		8567AC7D1E1A61AD0036A95F /* GVRBlockMacros */ = {
			isa = PBXGroup;
			children = (
				8567AC7E1E1A61AD0036A95F /* GVRBlockMacros.h */,
			);
			path = GVRBlockMacros;
			sourceTree = "<group>";
		};
		8567AC821E1A62060036A95F /* GVRMacros */ = {
			isa = PBXGroup;
			children = (
				8567AC831E1A62060036A95F /* GVRMacros.h */,
			);
			path = GVRMacros;
			sourceTree = "<group>";
		};
		8567AC871E1A624F0036A95F /* GVRCompilerMacros */ = {
			isa = PBXGroup;
			children = (
				8567AC881E1A624F0036A95F /* GVRCompilerMacros.h */,
			);
			path = GVRCompilerMacros;
			sourceTree = "<group>";
		};
		858F5B8E1E17CCE000DB6D13 = {
			isa = PBXGroup;
			children = (
				858F5BB71E17CEA600DB6D13 /* Sources */,
				858F5BB11E17CEA600DB6D13 /* Resources */,
				858F5B991E17CCE100DB6D13 /* Checkers */,
				859CD12F1E195967004BE15C /* CheckersTests */,
				858F5B981E17CCE100DB6D13 /* Products */,
				0715F77AA0B0DEF973EB925B /* Pods */,
				678F662CC1DAB0A41C334AD9 /* Frameworks */,
			);
			sourceTree = "<group>";
		};
		858F5B981E17CCE100DB6D13 /* Products */ = {
			isa = PBXGroup;
			children = (
				858F5B971E17CCE100DB6D13 /* Checkers.app */,
				859CD12E1E195967004BE15C /* CheckersTests.xctest */,
			);
			name = Products;
			sourceTree = "<group>";
		};
		858F5B991E17CCE100DB6D13 /* Checkers */ = {
			isa = PBXGroup;
			children = (
				858F5B9D1E17CCE100DB6D13 /* AppDelegate.h */,
				858F5B9E1E17CCE100DB6D13 /* AppDelegate.m */,
				858F5BA01E17CCE100DB6D13 /* ViewController.h */,
				858F5BA11E17CCE100DB6D13 /* ViewController.m */,
				858F5BAB1E17CCE100DB6D13 /* Info.plist */,
				858F5B9A1E17CCE100DB6D13 /* Supporting Files */,
			);
			path = Checkers;
			sourceTree = "<group>";
		};
		858F5B9A1E17CCE100DB6D13 /* Supporting Files */ = {
			isa = PBXGroup;
			children = (
				858F5B9B1E17CCE100DB6D13 /* main.m */,
			);
			name = "Supporting Files";
			sourceTree = "<group>";
		};
		858F5BB11E17CEA600DB6D13 /* Resources */ = {
			isa = PBXGroup;
			children = (
				858F5BB21E17CEA600DB6D13 /* Assets.xcassets */,
				858F5BB31E17CEA600DB6D13 /* LaunchScreen.storyboard */,
				858F5BB51E17CEA600DB6D13 /* Main.storyboard */,
			);
			path = Resources;
			sourceTree = "<group>";
		};
		858F5BB71E17CEA600DB6D13 /* Sources */ = {
			isa = PBXGroup;
			children = (
				858F5BB81E17CEA600DB6D13 /* Library */,
				858F5BB91E17CEA600DB6D13 /* Models */,
				858F5BBA1E17CEA600DB6D13 /* UI */,
			);
			path = Sources;
			sourceTree = "<group>";
		};
		858F5BB81E17CEA600DB6D13 /* Library */ = {
			isa = PBXGroup;
			children = (
				85F48F9D1E1B2307004FD8D1 /* Categories */,
				8567AC7C1E1A61AD0036A95F /* Utilites */,
			);
			path = Library;
			sourceTree = "<group>";
		};
		858F5BB91E17CEA600DB6D13 /* Models */ = {
			isa = PBXGroup;
			children = (
				859CD1391E195AF9004BE15C /* GVRBoard */,
				859CD13C1E195AF9004BE15C /* GVRBoardPosition */,
				859CD13F1E195AF9004BE15C /* GVRChecker */,
				855F96461E1BA46000FC6F1F /* GVRTrajectory */,
				859CD1421E195AF9004BE15C /* GVRGame */,
			);
			path = Models;
			sourceTree = "<group>";
		};
		858F5BBA1E17CEA600DB6D13 /* UI */ = {
			isa = PBXGroup;
			children = (
				85B05A3E1E2703D4006429FE /* GVRGameViewController */,
				852E953F1E25A2F400662EEE /* Views */,
			);
			path = UI;
			sourceTree = "<group>";
		};
		859CD12F1E195967004BE15C /* CheckersTests */ = {
			isa = PBXGroup;
			children = (
				859CD1381E1959C8004BE15C /* Specs */,
				859CD1321E195967004BE15C /* Info.plist */,
			);
			path = CheckersTests;
			sourceTree = "<group>";
		};
		859CD1381E1959C8004BE15C /* Specs */ = {
			isa = PBXGroup;
			children = (
				859CD14D1E195C17004BE15C /* GVRBoardSpec.m */,
				8567AC7A1E1A60700036A95F /* GVRGameSpec.m */,
				85611E271E1F2A780029EB41 /* GVRManTrajectorySpec.m */,
				85611E291E1F2B030029EB41 /* GVRKingTrajectorySpec.m */,
			);
			path = Specs;
			sourceTree = "<group>";
		};
		859CD1391E195AF9004BE15C /* GVRBoard */ = {
			isa = PBXGroup;
			children = (
				859CD13A1E195AF9004BE15C /* GVRBoard.h */,
				859CD13B1E195AF9004BE15C /* GVRBoard.m */,
			);
			path = GVRBoard;
			sourceTree = "<group>";
		};
		859CD13C1E195AF9004BE15C /* GVRBoardPosition */ = {
			isa = PBXGroup;
			children = (
				85F6A8B31E23108700FE07A1 /* Private */,
				859CD13D1E195AF9004BE15C /* GVRBoardPosition.h */,
				859CD13E1E195AF9004BE15C /* GVRBoardPosition.m */,
			);
			path = GVRBoardPosition;
			sourceTree = "<group>";
		};
		859CD13F1E195AF9004BE15C /* GVRChecker */ = {
			isa = PBXGroup;
			children = (
				859CD1401E195AF9004BE15C /* GVRChecker.h */,
				859CD1411E195AF9004BE15C /* GVRChecker.m */,
			);
			path = GVRChecker;
			sourceTree = "<group>";
		};
		859CD1421E195AF9004BE15C /* GVRGame */ = {
			isa = PBXGroup;
			children = (
				859CD1431E195AF9004BE15C /* GVRGame.h */,
				859CD1441E195AF9004BE15C /* GVRGame.m */,
			);
			path = GVRGame;
			sourceTree = "<group>";
		};
		85B05A3D1E2703CD006429FE /* GVRGameView */ = {
			isa = PBXGroup;
			children = (
				85B05A4B1E2706E2006429FE /* GVRGameView.h */,
				85B05A4C1E2706E2006429FE /* GVRGameView.m */,
			);
			path = GVRGameView;
			sourceTree = "<group>";
		};
		85B05A3E1E2703D4006429FE /* GVRGameViewController */ = {
			isa = PBXGroup;
			children = (
				85B05A3F1E27046D006429FE /* GVRGameViewController.h */,
				85B05A401E27046D006429FE /* GVRGameViewController.m */,
				85B05A431E270487006429FE /* GVRGameViewController.xib */,
			);
			path = GVRGameViewController;
			sourceTree = "<group>";
		};
		85B05A461E2704EB006429FE /* UIViewController */ = {
			isa = PBXGroup;
			children = (
				85B05A471E2704EB006429FE /* UIViewController+GVRExtensions.h */,
				85B05A481E2704EB006429FE /* UIViewController+GVRExtensions.m */,
			);
			path = UIViewController;
			sourceTree = "<group>";
		};
		85F48F9D1E1B2307004FD8D1 /* Categories */ = {
			isa = PBXGroup;
			children = (
				855010CE1E28553500F4A4C8 /* UIWindow */,
				85B05A461E2704EB006429FE /* UIViewController */,
				85F9161D1E1E48FE00F78545 /* NSError */,
				85F48F9E1E1B2307004FD8D1 /* NSArray */,
			);
			path = Categories;
			sourceTree = "<group>";
		};
		85F48F9E1E1B2307004FD8D1 /* NSArray */ = {
			isa = PBXGroup;
			children = (
				85F48FA11E1B2307004FD8D1 /* NSArray+GVRExtensions.h */,
				85F48FA21E1B2307004FD8D1 /* NSArray+GVRExtensions.m */,
			);
			path = NSArray;
			sourceTree = "<group>";
		};
		85F6A8B31E23108700FE07A1 /* Private */ = {
			isa = PBXGroup;
			children = (
				85F6A8B41E23109C00FE07A1 /* NSValue+GVRExtensions.h */,
				85F6A8B51E23109C00FE07A1 /* NSValue+GVRExtensions.m */,
			);
			path = Private;
			sourceTree = "<group>";
		};
		85F9161D1E1E48FE00F78545 /* NSError */ = {
			isa = PBXGroup;
			children = (
				85F9161F1E1E493400F78545 /* NSError+GVRExtensions.h */,
				85F916201E1E493400F78545 /* NSError+GVRExtensions.m */,
			);
			path = NSError;
			sourceTree = "<group>";
		};
/* End PBXGroup section */

/* Begin PBXNativeTarget section */
		858F5B961E17CCE000DB6D13 /* Checkers */ = {
			isa = PBXNativeTarget;
			buildConfigurationList = 858F5BAE1E17CCE100DB6D13 /* Build configuration list for PBXNativeTarget "Checkers" */;
			buildPhases = (
				BF289CC71614E41C71BF97DE /* [CP] Check Pods Manifest.lock */,
				858F5B931E17CCE000DB6D13 /* Sources */,
				858F5B941E17CCE000DB6D13 /* Frameworks */,
				858F5B951E17CCE000DB6D13 /* Resources */,
				CD61B3AB4FB953A450C0F51F /* [CP] Embed Pods Frameworks */,
				A231319B0D46E1006BEB35E8 /* [CP] Copy Pods Resources */,
			);
			buildRules = (
			);
			dependencies = (
			);
			name = Checkers;
			productName = Checkers;
			productReference = 858F5B971E17CCE100DB6D13 /* Checkers.app */;
			productType = "com.apple.product-type.application";
		};
		859CD12D1E195967004BE15C /* CheckersTests */ = {
			isa = PBXNativeTarget;
			buildConfigurationList = 859CD1351E195967004BE15C /* Build configuration list for PBXNativeTarget "CheckersTests" */;
			buildPhases = (
				1D7DC71F90BEFCF6724A021A /* [CP] Check Pods Manifest.lock */,
				859CD12A1E195967004BE15C /* Sources */,
				859CD12B1E195967004BE15C /* Frameworks */,
				859CD12C1E195967004BE15C /* Resources */,
				F30B15BFE79BF356A369DA0E /* [CP] Embed Pods Frameworks */,
				59E930064FCA8384F04BD577 /* [CP] Copy Pods Resources */,
			);
			buildRules = (
			);
			dependencies = (
				859CD1341E195967004BE15C /* PBXTargetDependency */,
			);
			name = CheckersTests;
			productName = CheckersTests;
			productReference = 859CD12E1E195967004BE15C /* CheckersTests.xctest */;
			productType = "com.apple.product-type.bundle.unit-test";
		};
/* End PBXNativeTarget section */

/* Begin PBXProject section */
		858F5B8F1E17CCE000DB6D13 /* Project object */ = {
			isa = PBXProject;
			attributes = {
				LastUpgradeCheck = 0820;
				ORGANIZATIONNAME = Gavrysh;
				TargetAttributes = {
					858F5B961E17CCE000DB6D13 = {
						CreatedOnToolsVersion = 8.2.1;
						ProvisioningStyle = Automatic;
					};
					859CD12D1E195967004BE15C = {
						CreatedOnToolsVersion = 8.2.1;
						ProvisioningStyle = Automatic;
						TestTargetID = 858F5B961E17CCE000DB6D13;
					};
				};
			};
			buildConfigurationList = 858F5B921E17CCE000DB6D13 /* Build configuration list for PBXProject "Checkers" */;
			compatibilityVersion = "Xcode 3.2";
			developmentRegion = English;
			hasScannedForEncodings = 0;
			knownRegions = (
				en,
				Base,
			);
			mainGroup = 858F5B8E1E17CCE000DB6D13;
			productRefGroup = 858F5B981E17CCE100DB6D13 /* Products */;
			projectDirPath = "";
			projectRoot = "";
			targets = (
				858F5B961E17CCE000DB6D13 /* Checkers */,
				859CD12D1E195967004BE15C /* CheckersTests */,
			);
		};
/* End PBXProject section */

/* Begin PBXResourcesBuildPhase section */
		858F5B951E17CCE000DB6D13 /* Resources */ = {
			isa = PBXResourcesBuildPhase;
			buildActionMask = 2147483647;
			files = (
				858F5BBD1E17CEA600DB6D13 /* Main.storyboard in Resources */,
				858F5BBB1E17CEA600DB6D13 /* Assets.xcassets in Resources */,
				85B05A441E270487006429FE /* GVRGameViewController.xib in Resources */,
				858F5BBC1E17CEA600DB6D13 /* LaunchScreen.storyboard in Resources */,
			);
			runOnlyForDeploymentPostprocessing = 0;
		};
		859CD12C1E195967004BE15C /* Resources */ = {
			isa = PBXResourcesBuildPhase;
			buildActionMask = 2147483647;
			files = (
				85B05A451E270487006429FE /* GVRGameViewController.xib in Resources */,
			);
			runOnlyForDeploymentPostprocessing = 0;
		};
/* End PBXResourcesBuildPhase section */

/* Begin PBXShellScriptBuildPhase section */
		1D7DC71F90BEFCF6724A021A /* [CP] Check Pods Manifest.lock */ = {
			isa = PBXShellScriptBuildPhase;
			buildActionMask = 2147483647;
			files = (
			);
			inputPaths = (
			);
			name = "[CP] Check Pods Manifest.lock";
			outputPaths = (
			);
			runOnlyForDeploymentPostprocessing = 0;
			shellPath = /bin/sh;
			shellScript = "diff \"${PODS_ROOT}/../Podfile.lock\" \"${PODS_ROOT}/Manifest.lock\" > /dev/null\nif [[ $? != 0 ]] ; then\n    cat << EOM\nerror: The sandbox is not in sync with the Podfile.lock. Run 'pod install' or update your CocoaPods installation.\nEOM\n    exit 1\nfi\n";
			showEnvVarsInLog = 0;
		};
		59E930064FCA8384F04BD577 /* [CP] Copy Pods Resources */ = {
			isa = PBXShellScriptBuildPhase;
			buildActionMask = 2147483647;
			files = (
			);
			inputPaths = (
			);
			name = "[CP] Copy Pods Resources";
			outputPaths = (
			);
			runOnlyForDeploymentPostprocessing = 0;
			shellPath = /bin/sh;
			shellScript = "\"${SRCROOT}/Pods/Target Support Files/Pods-CheckersTests/Pods-CheckersTests-resources.sh\"\n";
			showEnvVarsInLog = 0;
		};
		A231319B0D46E1006BEB35E8 /* [CP] Copy Pods Resources */ = {
			isa = PBXShellScriptBuildPhase;
			buildActionMask = 2147483647;
			files = (
			);
			inputPaths = (
			);
			name = "[CP] Copy Pods Resources";
			outputPaths = (
			);
			runOnlyForDeploymentPostprocessing = 0;
			shellPath = /bin/sh;
			shellScript = "\"${SRCROOT}/Pods/Target Support Files/Pods-Checkers/Pods-Checkers-resources.sh\"\n";
			showEnvVarsInLog = 0;
		};
		BF289CC71614E41C71BF97DE /* [CP] Check Pods Manifest.lock */ = {
			isa = PBXShellScriptBuildPhase;
			buildActionMask = 2147483647;
			files = (
			);
			inputPaths = (
			);
			name = "[CP] Check Pods Manifest.lock";
			outputPaths = (
			);
			runOnlyForDeploymentPostprocessing = 0;
			shellPath = /bin/sh;
			shellScript = "diff \"${PODS_ROOT}/../Podfile.lock\" \"${PODS_ROOT}/Manifest.lock\" > /dev/null\nif [[ $? != 0 ]] ; then\n    cat << EOM\nerror: The sandbox is not in sync with the Podfile.lock. Run 'pod install' or update your CocoaPods installation.\nEOM\n    exit 1\nfi\n";
			showEnvVarsInLog = 0;
		};
		CD61B3AB4FB953A450C0F51F /* [CP] Embed Pods Frameworks */ = {
			isa = PBXShellScriptBuildPhase;
			buildActionMask = 2147483647;
			files = (
			);
			inputPaths = (
			);
			name = "[CP] Embed Pods Frameworks";
			outputPaths = (
			);
			runOnlyForDeploymentPostprocessing = 0;
			shellPath = /bin/sh;
			shellScript = "\"${SRCROOT}/Pods/Target Support Files/Pods-Checkers/Pods-Checkers-frameworks.sh\"\n";
			showEnvVarsInLog = 0;
		};
		F30B15BFE79BF356A369DA0E /* [CP] Embed Pods Frameworks */ = {
			isa = PBXShellScriptBuildPhase;
			buildActionMask = 2147483647;
			files = (
			);
			inputPaths = (
			);
			name = "[CP] Embed Pods Frameworks";
			outputPaths = (
			);
			runOnlyForDeploymentPostprocessing = 0;
			shellPath = /bin/sh;
			shellScript = "\"${SRCROOT}/Pods/Target Support Files/Pods-CheckersTests/Pods-CheckersTests-frameworks.sh\"\n";
			showEnvVarsInLog = 0;
		};
/* End PBXShellScriptBuildPhase section */

/* Begin PBXSourcesBuildPhase section */
		858F5B931E17CCE000DB6D13 /* Sources */ = {
			isa = PBXSourcesBuildPhase;
			buildActionMask = 2147483647;
			files = (
				859CD1471E195AF9004BE15C /* GVRBoardPosition.m in Sources */,
				859CD14B1E195AF9004BE15C /* GVRGame.m in Sources */,
				853D3C421E2B9DA1001FA2F6 /* GVRCellView.m in Sources */,
				85F48FA51E1B2307004FD8D1 /* NSArray+GVRExtensions.m in Sources */,
				855F96521E1BAB3F00FC6F1F /* GVRKingTrajectory.m in Sources */,
				85B05A4D1E2706E2006429FE /* GVRGameView.m in Sources */,
				859CD1451E195AF9004BE15C /* GVRBoard.m in Sources */,
				858F5BA21E17CCE100DB6D13 /* ViewController.m in Sources */,
				85F6A8B61E23109C00FE07A1 /* NSValue+GVRExtensions.m in Sources */,
				859CD1491E195AF9004BE15C /* GVRChecker.m in Sources */,
				85F6A8AD1E22574100FE07A1 /* NSError+GVRTrajectory.m in Sources */,
				85F916211E1E493400F78545 /* NSError+GVRExtensions.m in Sources */,
				853D3C471E2C1078001FA2F6 /* GVRCheckerView.m in Sources */,
				858F5B9F1E17CCE100DB6D13 /* AppDelegate.m in Sources */,
				85D399DD1E2D7389008EF25C /* NSMutableArray+GVRTrajectory.m in Sources */,
				852E95431E25A31B00662EEE /* GVRBoardView.m in Sources */,
				855010D11E28553500F4A4C8 /* UIWindow+GVRExtensions.m in Sources */,
				85B05A491E2704EB006429FE /* UIViewController+GVRExtensions.m in Sources */,
				85B05A411E27046D006429FE /* GVRGameViewController.m in Sources */,
				855F964E1E1BAB2C00FC6F1F /* GVRManTrajectory.m in Sources */,
				855F96491E1BA49200FC6F1F /* GVRTrajectory.m in Sources */,
				858F5B9C1E17CCE100DB6D13 /* main.m in Sources */,
				85F6A8B11E22B35300FE07A1 /* NSArray+GVRTrajectory.m in Sources */,
			);
			runOnlyForDeploymentPostprocessing = 0;
		};
		859CD12A1E195967004BE15C /* Sources */ = {
			isa = PBXSourcesBuildPhase;
			buildActionMask = 2147483647;
			files = (
				853D3C431E2B9DA1001FA2F6 /* GVRCellView.m in Sources */,
				85B05A421E27046D006429FE /* GVRGameViewController.m in Sources */,
				85F6A8B21E22B35300FE07A1 /* NSArray+GVRTrajectory.m in Sources */,
				855010D21E28553500F4A4C8 /* UIWindow+GVRExtensions.m in Sources */,
				85D399DE1E2D7389008EF25C /* NSMutableArray+GVRTrajectory.m in Sources */,
				852E95441E25A31B00662EEE /* GVRBoardView.m in Sources */,
				8567AC7B1E1A60700036A95F /* GVRGameSpec.m in Sources */,
				853D3C481E2C1078001FA2F6 /* GVRCheckerView.m in Sources */,
				859CD14C1E195AF9004BE15C /* GVRGame.m in Sources */,
				85611E281E1F2A780029EB41 /* GVRManTrajectorySpec.m in Sources */,
				85F48FA61E1B2307004FD8D1 /* NSArray+GVRExtensions.m in Sources */,
				85611E2A1E1F2B030029EB41 /* GVRKingTrajectorySpec.m in Sources */,
				855F96531E1BAB3F00FC6F1F /* GVRKingTrajectory.m in Sources */,
				859CD14E1E195C17004BE15C /* GVRBoardSpec.m in Sources */,
				859CD1461E195AF9004BE15C /* GVRBoard.m in Sources */,
				85F916221E1E493400F78545 /* NSError+GVRExtensions.m in Sources */,
				85B05A4E1E2706E2006429FE /* GVRGameView.m in Sources */,
				85F6A8B71E23109C00FE07A1 /* NSValue+GVRExtensions.m in Sources */,
				859CD1481E195AF9004BE15C /* GVRBoardPosition.m in Sources */,
				855F964F1E1BAB2C00FC6F1F /* GVRManTrajectory.m in Sources */,
				855F964A1E1BA49200FC6F1F /* GVRTrajectory.m in Sources */,
				85B05A4A1E2704EB006429FE /* UIViewController+GVRExtensions.m in Sources */,
				85F6A8AE1E22574100FE07A1 /* NSError+GVRTrajectory.m in Sources */,
				859CD14A1E195AF9004BE15C /* GVRChecker.m in Sources */,
			);
			runOnlyForDeploymentPostprocessing = 0;
		};
/* End PBXSourcesBuildPhase section */

/* Begin PBXTargetDependency section */
		859CD1341E195967004BE15C /* PBXTargetDependency */ = {
			isa = PBXTargetDependency;
			target = 858F5B961E17CCE000DB6D13 /* Checkers */;
			targetProxy = 859CD1331E195967004BE15C /* PBXContainerItemProxy */;
		};
/* End PBXTargetDependency section */

/* Begin PBXVariantGroup section */
		858F5BB31E17CEA600DB6D13 /* LaunchScreen.storyboard */ = {
			isa = PBXVariantGroup;
			children = (
				858F5BB41E17CEA600DB6D13 /* Base */,
			);
			name = LaunchScreen.storyboard;
			sourceTree = "<group>";
		};
		858F5BB51E17CEA600DB6D13 /* Main.storyboard */ = {
			isa = PBXVariantGroup;
			children = (
				858F5BB61E17CEA600DB6D13 /* Base */,
			);
			name = Main.storyboard;
			sourceTree = "<group>";
		};
/* End PBXVariantGroup section */

/* Begin XCBuildConfiguration section */
		858F5BAC1E17CCE100DB6D13 /* Debug */ = {
			isa = XCBuildConfiguration;
			buildSettings = {
				ALWAYS_SEARCH_USER_PATHS = NO;
				CLANG_ANALYZER_NONNULL = YES;
				CLANG_CXX_LANGUAGE_STANDARD = "gnu++0x";
				CLANG_CXX_LIBRARY = "libc++";
				CLANG_ENABLE_MODULES = YES;
				CLANG_ENABLE_OBJC_ARC = YES;
				CLANG_WARN_BOOL_CONVERSION = YES;
				CLANG_WARN_CONSTANT_CONVERSION = YES;
				CLANG_WARN_DIRECT_OBJC_ISA_USAGE = YES_ERROR;
				CLANG_WARN_DOCUMENTATION_COMMENTS = YES;
				CLANG_WARN_EMPTY_BODY = YES;
				CLANG_WARN_ENUM_CONVERSION = YES;
				CLANG_WARN_INFINITE_RECURSION = YES;
				CLANG_WARN_INT_CONVERSION = YES;
				CLANG_WARN_OBJC_ROOT_CLASS = YES_ERROR;
				CLANG_WARN_SUSPICIOUS_MOVE = YES;
				CLANG_WARN_UNREACHABLE_CODE = YES;
				CLANG_WARN__DUPLICATE_METHOD_MATCH = YES;
				"CODE_SIGN_IDENTITY[sdk=iphoneos*]" = "iPhone Developer";
				COPY_PHASE_STRIP = NO;
				DEBUG_INFORMATION_FORMAT = dwarf;
				ENABLE_STRICT_OBJC_MSGSEND = YES;
				ENABLE_TESTABILITY = YES;
				GCC_C_LANGUAGE_STANDARD = gnu99;
				GCC_DYNAMIC_NO_PIC = NO;
				GCC_NO_COMMON_BLOCKS = YES;
				GCC_OPTIMIZATION_LEVEL = 0;
				GCC_PREPROCESSOR_DEFINITIONS = (
					"DEBUG=1",
					"$(inherited)",
				);
				GCC_WARN_64_TO_32_BIT_CONVERSION = YES;
				GCC_WARN_ABOUT_RETURN_TYPE = YES_ERROR;
				GCC_WARN_UNDECLARED_SELECTOR = YES;
				GCC_WARN_UNINITIALIZED_AUTOS = YES_AGGRESSIVE;
				GCC_WARN_UNUSED_FUNCTION = YES;
				GCC_WARN_UNUSED_VARIABLE = YES;
				IPHONEOS_DEPLOYMENT_TARGET = 10.2;
				MTL_ENABLE_DEBUG_INFO = YES;
				ONLY_ACTIVE_ARCH = YES;
				SDKROOT = iphoneos;
				TARGETED_DEVICE_FAMILY = "1,2";
			};
			name = Debug;
		};
		858F5BAD1E17CCE100DB6D13 /* Release */ = {
			isa = XCBuildConfiguration;
			buildSettings = {
				ALWAYS_SEARCH_USER_PATHS = NO;
				CLANG_ANALYZER_NONNULL = YES;
				CLANG_CXX_LANGUAGE_STANDARD = "gnu++0x";
				CLANG_CXX_LIBRARY = "libc++";
				CLANG_ENABLE_MODULES = YES;
				CLANG_ENABLE_OBJC_ARC = YES;
				CLANG_WARN_BOOL_CONVERSION = YES;
				CLANG_WARN_CONSTANT_CONVERSION = YES;
				CLANG_WARN_DIRECT_OBJC_ISA_USAGE = YES_ERROR;
				CLANG_WARN_DOCUMENTATION_COMMENTS = YES;
				CLANG_WARN_EMPTY_BODY = YES;
				CLANG_WARN_ENUM_CONVERSION = YES;
				CLANG_WARN_INFINITE_RECURSION = YES;
				CLANG_WARN_INT_CONVERSION = YES;
				CLANG_WARN_OBJC_ROOT_CLASS = YES_ERROR;
				CLANG_WARN_SUSPICIOUS_MOVE = YES;
				CLANG_WARN_UNREACHABLE_CODE = YES;
				CLANG_WARN__DUPLICATE_METHOD_MATCH = YES;
				"CODE_SIGN_IDENTITY[sdk=iphoneos*]" = "iPhone Developer";
				COPY_PHASE_STRIP = NO;
				DEBUG_INFORMATION_FORMAT = "dwarf-with-dsym";
				ENABLE_NS_ASSERTIONS = NO;
				ENABLE_STRICT_OBJC_MSGSEND = YES;
				GCC_C_LANGUAGE_STANDARD = gnu99;
				GCC_NO_COMMON_BLOCKS = YES;
				GCC_WARN_64_TO_32_BIT_CONVERSION = YES;
				GCC_WARN_ABOUT_RETURN_TYPE = YES_ERROR;
				GCC_WARN_UNDECLARED_SELECTOR = YES;
				GCC_WARN_UNINITIALIZED_AUTOS = YES_AGGRESSIVE;
				GCC_WARN_UNUSED_FUNCTION = YES;
				GCC_WARN_UNUSED_VARIABLE = YES;
				IPHONEOS_DEPLOYMENT_TARGET = 10.2;
				MTL_ENABLE_DEBUG_INFO = NO;
				SDKROOT = iphoneos;
				TARGETED_DEVICE_FAMILY = "1,2";
				VALIDATE_PRODUCT = YES;
			};
			name = Release;
		};
		858F5BAF1E17CCE100DB6D13 /* Debug */ = {
			isa = XCBuildConfiguration;
			baseConfigurationReference = 2F14723392F3B5A9D28B8168 /* Pods-Checkers.debug.xcconfig */;
			buildSettings = {
				ASSETCATALOG_COMPILER_APPICON_NAME = AppIcon;
				INFOPLIST_FILE = Checkers/Info.plist;
				LD_RUNPATH_SEARCH_PATHS = "$(inherited) @executable_path/Frameworks";
				PRODUCT_BUNDLE_IDENTIFIER = com.irapptional.Checkers;
				PRODUCT_NAME = "$(TARGET_NAME)";
			};
			name = Debug;
		};
		858F5BB01E17CCE100DB6D13 /* Release */ = {
			isa = XCBuildConfiguration;
			baseConfigurationReference = 55E2266F6134EA6CB511DB17 /* Pods-Checkers.release.xcconfig */;
			buildSettings = {
				ASSETCATALOG_COMPILER_APPICON_NAME = AppIcon;
				INFOPLIST_FILE = Checkers/Info.plist;
				LD_RUNPATH_SEARCH_PATHS = "$(inherited) @executable_path/Frameworks";
				PRODUCT_BUNDLE_IDENTIFIER = com.irapptional.Checkers;
				PRODUCT_NAME = "$(TARGET_NAME)";
			};
			name = Release;
		};
		859CD1361E195967004BE15C /* Debug */ = {
			isa = XCBuildConfiguration;
			baseConfigurationReference = BADAC0206DD4740F4AA0FC2D /* Pods-CheckersTests.debug.xcconfig */;
			buildSettings = {
				BUNDLE_LOADER = "$(TEST_HOST)";
				INFOPLIST_FILE = CheckersTests/Info.plist;
				LD_RUNPATH_SEARCH_PATHS = "$(inherited) @executable_path/Frameworks @loader_path/Frameworks";
				PRODUCT_BUNDLE_IDENTIFIER = com.irapptional.CheckersTests;
				PRODUCT_NAME = "$(TARGET_NAME)";
				TEST_HOST = "$(BUILT_PRODUCTS_DIR)/Checkers.app/Checkers";
			};
			name = Debug;
		};
		859CD1371E195967004BE15C /* Release */ = {
			isa = XCBuildConfiguration;
			baseConfigurationReference = 085130B305A50ED5598EFA6C /* Pods-CheckersTests.release.xcconfig */;
			buildSettings = {
				BUNDLE_LOADER = "$(TEST_HOST)";
				INFOPLIST_FILE = CheckersTests/Info.plist;
				LD_RUNPATH_SEARCH_PATHS = "$(inherited) @executable_path/Frameworks @loader_path/Frameworks";
				PRODUCT_BUNDLE_IDENTIFIER = com.irapptional.CheckersTests;
				PRODUCT_NAME = "$(TARGET_NAME)";
				TEST_HOST = "$(BUILT_PRODUCTS_DIR)/Checkers.app/Checkers";
			};
			name = Release;
		};
/* End XCBuildConfiguration section */

/* Begin XCConfigurationList section */
		858F5B921E17CCE000DB6D13 /* Build configuration list for PBXProject "Checkers" */ = {
			isa = XCConfigurationList;
			buildConfigurations = (
				858F5BAC1E17CCE100DB6D13 /* Debug */,
				858F5BAD1E17CCE100DB6D13 /* Release */,
			);
			defaultConfigurationIsVisible = 0;
			defaultConfigurationName = Release;
		};
		858F5BAE1E17CCE100DB6D13 /* Build configuration list for PBXNativeTarget "Checkers" */ = {
			isa = XCConfigurationList;
			buildConfigurations = (
				858F5BAF1E17CCE100DB6D13 /* Debug */,
				858F5BB01E17CCE100DB6D13 /* Release */,
			);
			defaultConfigurationIsVisible = 0;
			defaultConfigurationName = Release;
		};
		859CD1351E195967004BE15C /* Build configuration list for PBXNativeTarget "CheckersTests" */ = {
			isa = XCConfigurationList;
			buildConfigurations = (
				859CD1361E195967004BE15C /* Debug */,
				859CD1371E195967004BE15C /* Release */,
			);
			defaultConfigurationIsVisible = 0;
			defaultConfigurationName = Release;
		};
/* End XCConfigurationList section */
	};
	rootObject = 858F5B8F1E17CCE000DB6D13 /* Project object */;
}
